
Microsoft Visual Studio Solution File, Format Version 12.00
# Visual Studio Version 17
VisualStudioVersion = 17.5.002.0
MinimumVisualStudioVersion = 10.0.40219.1
Project("{9A19103F-16F7-4668-BE54-9A1E7A4F7556}") = "IdentityApp", "IdentityApp.csproj", "{A60876DC-38D5-416B-942F-4FC60C0FD915}"
EndProject
Global
	GlobalSection(SolutionConfigurationPlatforms) = preSolution
		Debug|Any CPU = Debug|Any CPU
		Release|Any CPU = Release|Any CPU
	EndGlobalSection
	GlobalSection(ProjectConfigurationPlatforms) = postSolution
		{A60876DC-38D5-416B-942F-4FC60C0FD915}.Debug|Any CPU.ActiveCfg = Debug|Any CPU
		{A60876DC-38D5-416B-942F-4FC60C0FD915}.Debug|Any CPU.Build.0 = Debug|Any CPU
		{A60876DC-38D5-416B-942F-4FC60C0FD915}.Release|Any CPU.ActiveCfg = Release|Any CPU
		{A60876DC-38D5-416B-942F-4FC60C0FD915}.Release|Any CPU.Build.0 = Release|Any CPU
	EndGlobalSection
	GlobalSection(SolutionProperties) = preSolution
		HideSolutionNode = FALSE
	EndGlobalSection
	GlobalSection(ExtensibilityGlobals) = postSolution
		SolutionGuid = {8550D420-6C5D-4255-A0AE-8594D7482F88}
	EndGlobalSection
EndGlobal
